
Microsoft Visual Studio Solution File, Format Version 12.00
# Visual Studio Version 17
VisualStudioVersion = 17.11.35327.3
MinimumVisualStudioVersion = 10.0.40219.1
Project("{9A19103F-16F7-4668-BE54-9A1E7A4F7556}") = "opp_1_BankAcoount", "opp_1_BankAcoount\opp_1_BankAcoount.csproj", "{89B499CA-F1C9-4FCF-8FAC-9D316F2DCD11}"
EndProject
Project("{FAE04EC0-301F-11D3-BF4B-00C04F79EFBC}") = "opp_2_Inheritance", "opp_2_Inheritance\opp_2_Inheritance.csproj", "{5B450632-9D2A-4C6B-86F3-E98AC5C2DAEC}"
EndProject
Project("{FAE04EC0-301F-11D3-BF4B-00C04F79EFBC}") = "opp_3_Polymorphism", "opp_3_Polymorphism\opp_3_Polymorphism.csproj", "{BD628732-6FFD-4AA3-B703-17AF89E87441}"
EndProject
Project("{FAE04EC0-301F-11D3-BF4B-00C04F79EFBC}") = "opp_4_Abstraction", "opp_4_Abstraction\opp_4_Abstraction.csproj", "{781C5D9A-4D69-464C-89C7-34C8F23FA172}"
EndProject
Project("{FAE04EC0-301F-11D3-BF4B-00C04F79EFBC}") = "solid_1_SRP", "solid_1_SRP\solid_1_SRP.csproj", "{9057CBFE-9F73-4E57-9499-D938C1F00945}"
EndProject
Project("{FAE04EC0-301F-11D3-BF4B-00C04F79EFBC}") = "solid_2_OCP", "solid_2_OCP\solid_2_OCP.csproj", "{74E847B1-8EA5-4845-B76A-5F142878B88F}"
EndProject
Project("{FAE04EC0-301F-11D3-BF4B-00C04F79EFBC}") = "solid_3_LSP", "solid_3_LSP\solid_3_LSP.csproj", "{9183DBA4-7F97-4CA6-B1DE-E6FEF7543D38}"
EndProject
Project("{FAE04EC0-301F-11D3-BF4B-00C04F79EFBC}") = "solid_4_ISP", "solid_4_ISP\solid_4_ISP.csproj", "{1DEB2BBE-5ADF-44F3-B922-F4753646CEC9}"
EndProject
Global
	GlobalSection(SolutionConfigurationPlatforms) = preSolution
		Debug|Any CPU = Debug|Any CPU
		Release|Any CPU = Release|Any CPU
	EndGlobalSection
	GlobalSection(ProjectConfigurationPlatforms) = postSolution
		{89B499CA-F1C9-4FCF-8FAC-9D316F2DCD11}.Debug|Any CPU.ActiveCfg = Debug|Any CPU
		{89B499CA-F1C9-4FCF-8FAC-9D316F2DCD11}.Debug|Any CPU.Build.0 = Debug|Any CPU
		{89B499CA-F1C9-4FCF-8FAC-9D316F2DCD11}.Release|Any CPU.ActiveCfg = Release|Any CPU
		{89B499CA-F1C9-4FCF-8FAC-9D316F2DCD11}.Release|Any CPU.Build.0 = Release|Any CPU
		{5B450632-9D2A-4C6B-86F3-E98AC5C2DAEC}.Debug|Any CPU.ActiveCfg = Debug|Any CPU
		{5B450632-9D2A-4C6B-86F3-E98AC5C2DAEC}.Debug|Any CPU.Build.0 = Debug|Any CPU
		{5B450632-9D2A-4C6B-86F3-E98AC5C2DAEC}.Release|Any CPU.ActiveCfg = Release|Any CPU
		{5B450632-9D2A-4C6B-86F3-E98AC5C2DAEC}.Release|Any CPU.Build.0 = Release|Any CPU
		{BD628732-6FFD-4AA3-B703-17AF89E87441}.Debug|Any CPU.ActiveCfg = Debug|Any CPU
		{BD628732-6FFD-4AA3-B703-17AF89E87441}.Debug|Any CPU.Build.0 = Debug|Any CPU
		{BD628732-6FFD-4AA3-B703-17AF89E87441}.Release|Any CPU.ActiveCfg = Release|Any CPU
		{BD628732-6FFD-4AA3-B703-17AF89E87441}.Release|Any CPU.Build.0 = Release|Any CPU
		{781C5D9A-4D69-464C-89C7-34C8F23FA172}.Debug|Any CPU.ActiveCfg = Debug|Any CPU
		{781C5D9A-4D69-464C-89C7-34C8F23FA172}.Debug|Any CPU.Build.0 = Debug|Any CPU
		{781C5D9A-4D69-464C-89C7-34C8F23FA172}.Release|Any CPU.ActiveCfg = Release|Any CPU
		{781C5D9A-4D69-464C-89C7-34C8F23FA172}.Release|Any CPU.Build.0 = Release|Any CPU
		{9057CBFE-9F73-4E57-9499-D938C1F00945}.Debug|Any CPU.ActiveCfg = Debug|Any CPU
		{9057CBFE-9F73-4E57-9499-D938C1F00945}.Debug|Any CPU.Build.0 = Debug|Any CPU
		{9057CBFE-9F73-4E57-9499-D938C1F00945}.Release|Any CPU.ActiveCfg = Release|Any CPU
		{9057CBFE-9F73-4E57-9499-D938C1F00945}.Release|Any CPU.Build.0 = Release|Any CPU
		{74E847B1-8EA5-4845-B76A-5F142878B88F}.Debug|Any CPU.ActiveCfg = Debug|Any CPU
		{74E847B1-8EA5-4845-B76A-5F142878B88F}.Debug|Any CPU.Build.0 = Debug|Any CPU
		{74E847B1-8EA5-4845-B76A-5F142878B88F}.Release|Any CPU.ActiveCfg = Release|Any CPU
		{74E847B1-8EA5-4845-B76A-5F142878B88F}.Release|Any CPU.Build.0 = Release|Any CPU
		{9183DBA4-7F97-4CA6-B1DE-E6FEF7543D38}.Debug|Any CPU.ActiveCfg = Debug|Any CPU
		{9183DBA4-7F97-4CA6-B1DE-E6FEF7543D38}.Debug|Any CPU.Build.0 = Debug|Any CPU
		{9183DBA4-7F97-4CA6-B1DE-E6FEF7543D38}.Release|Any CPU.ActiveCfg = Release|Any CPU
		{9183DBA4-7F97-4CA6-B1DE-E6FEF7543D38}.Release|Any CPU.Build.0 = Release|Any CPU
		{1DEB2BBE-5ADF-44F3-B922-F4753646CEC9}.Debug|Any CPU.ActiveCfg = Debug|Any CPU
		{1DEB2BBE-5ADF-44F3-B922-F4753646CEC9}.Debug|Any CPU.Build.0 = Debug|Any CPU
		{1DEB2BBE-5ADF-44F3-B922-F4753646CEC9}.Release|Any CPU.ActiveCfg = Release|Any CPU
		{1DEB2BBE-5ADF-44F3-B922-F4753646CEC9}.Release|Any CPU.Build.0 = Release|Any CPU
	EndGlobalSection
	GlobalSection(SolutionProperties) = preSolution
		HideSolutionNode = FALSE
	EndGlobalSection
	GlobalSection(ExtensibilityGlobals) = postSolution
		SolutionGuid = {4D4C6DFA-CE88-4B23-B124-35C9CF71FD7E}
	EndGlobalSection
EndGlobal
